{
  "version": 4,
  "terraform_version": "1.4.2",
  "serial": 31,
  "lineage": "5e1383cf-56e4-fb08-69cf-467db0674248",
  "outputs": {},
  "resources": [
    {
      "mode": "managed",
      "type": "aws_ecr_repository",
      "name": "flask_ecr",
      "provider": "provider[\"registry.terraform.io/hashicorp/aws\"]",
      "instances": [
        {
          "schema_version": 0,
          "attributes": {
            "arn": "arn:aws:ecr:us-east-1:025813252441:repository/flask_ecr",
            "encryption_configuration": [
              {
                "encryption_type": "AES256",
                "kms_key": ""
              }
            ],
            "force_delete": null,
            "id": "flask_ecr",
            "image_scanning_configuration": [
              {
                "scan_on_push": true
              }
            ],
            "image_tag_mutability": "MUTABLE",
            "name": "flask_ecr",
            "registry_id": "025813252441",
            "repository_url": "025813252441.dkr.ecr.us-east-1.amazonaws.com/flask_ecr",
            "tags": null,
            "tags_all": {},
            "timeouts": null
          },
          "sensitive_attributes": [],
          "private": "eyJlMmJmYjczMC1lY2FhLTExZTYtOGY4OC0zNDM2M2JjN2M0YzAiOnsiZGVsZXRlIjoxMjAwMDAwMDAwMDAwfX0="
        }
      ]
    },
    {
      "mode": "managed",
      "type": "aws_ecr_repository",
      "name": "sql_ecr",
      "provider": "provider[\"registry.terraform.io/hashicorp/aws\"]",
      "instances": [
        {
          "schema_version": 0,
          "attributes": {
            "arn": "arn:aws:ecr:us-east-1:025813252441:repository/sql_ecr",
            "encryption_configuration": [
              {
                "encryption_type": "AES256",
                "kms_key": ""
              }
            ],
            "force_delete": null,
            "id": "sql_ecr",
            "image_scanning_configuration": [
              {
                "scan_on_push": true
              }
            ],
            "image_tag_mutability": "MUTABLE",
            "name": "sql_ecr",
            "registry_id": "025813252441",
            "repository_url": "025813252441.dkr.ecr.us-east-1.amazonaws.com/sql_ecr",
            "tags": null,
            "tags_all": {},
            "timeouts": null
          },
          "sensitive_attributes": [],
          "private": "eyJlMmJmYjczMC1lY2FhLTExZTYtOGY4OC0zNDM2M2JjN2M0YzAiOnsiZGVsZXRlIjoxMjAwMDAwMDAwMDAwfX0="
        }
      ]
    },
    {
      "mode": "managed",
      "type": "aws_eip",
      "name": "nat",
      "provider": "provider[\"registry.terraform.io/hashicorp/aws\"]",
      "instances": [
        {
          "schema_version": 0,
          "attributes": {
            "address": null,
            "allocation_id": "eipalloc-0e7b0a0d442cba6d5",
            "associate_with_private_ip": null,
            "association_id": "",
            "carrier_ip": "",
            "customer_owned_ip": "",
            "customer_owned_ipv4_pool": "",
            "domain": "vpc",
            "id": "eipalloc-0e7b0a0d442cba6d5",
            "instance": "",
            "network_border_group": "us-east-1",
            "network_interface": "",
            "private_dns": null,
            "private_ip": "",
            "public_dns": "ec2-18-205-48-27.compute-1.amazonaws.com",
            "public_ip": "18.205.48.27",
            "public_ipv4_pool": "amazon",
            "tags": {
              "Name": "nat"
            },
            "tags_all": {
              "Name": "nat"
            },
            "timeouts": null,
            "vpc": true
          },
          "sensitive_attributes": [],
          "private": "eyJlMmJmYjczMC1lY2FhLTExZTYtOGY4OC0zNDM2M2JjN2M0YzAiOnsiZGVsZXRlIjoxODAwMDAwMDAwMDAsInJlYWQiOjkwMDAwMDAwMDAwMCwidXBkYXRlIjozMDAwMDAwMDAwMDB9fQ=="
        }
      ]
    },
    {
      "mode": "managed",
      "type": "aws_eks_cluster",
      "name": "demo",
      "provider": "provider[\"registry.terraform.io/hashicorp/aws\"]",
      "instances": [
        {
          "schema_version": 0,
          "attributes": {
            "arn": "arn:aws:eks:us-east-1:025813252441:cluster/demo",
            "certificate_authority": [
              {
                "data": "LS0tLS1CRUdJTiBDRVJUSUZJQ0FURS0tLS0tCk1JSUMvakNDQWVhZ0F3SUJBZ0lCQURBTkJna3Foa2lHOXcwQkFRc0ZBREFWTVJNd0VRWURWUVFERXdwcmRXSmwKY201bGRHVnpNQjRYRFRJek1ETXlNREl4TXpVeU9Wb1hEVE16TURNeE56SXhNelV5T1Zvd0ZURVRNQkVHQTFVRQpBeE1LYTNWaVpYSnVaWFJsY3pDQ0FTSXdEUVlKS29aSWh2Y05BUUVCQlFBRGdnRVBBRENDQVFvQ2dnRUJBS2IvCkdldTlwTTYwdElQZ0EzYURaNGlzY3ZmOTBHWlVocm9rNUhRNGVKVm1BeXM1ZFRRdW1McC9uVjJXandTYUUwdi8KVi90RG0vellRWmVTZ0E3RnhHdFRNaUc5RitpQStmclpacnliclhsVWFva3BJbysvRGdMUjNaTGZDQjhZbzRIYgpHT3llTE1pWXBOVXNWNW9pcEVxR2VFckdzUXU3eDRTYTlGRDl1aEg5MExaQURZYjAxL25GNndUVTdJVTJnWDJFCmYxR25qS1BFbUhYbWcwU1RDWm9rRFlpa1QwT0ZIMDhtU2JkcG5EbVA4eTczcEtSSGlGVFVDVWU2bWMwYi96YlMKdkpTc3R6MTNZOHJNMmI4YTJGalpBRjB5T3ZhOGhwMVFnQmFQdWZTWXc5Y25LajkvTHdsQmVtTkdnZ1FENlpwNwovamE4ZXdiZk5MYUZmYlJzb1hzQ0F3RUFBYU5aTUZjd0RnWURWUjBQQVFIL0JBUURBZ0trTUE4R0ExVWRFd0VCCi93UUZNQU1CQWY4d0hRWURWUjBPQkJZRUZHb0p1QUlBWUp0UXRKRVJUMFYrOTErek0rU3hNQlVHQTFVZEVRUU8KTUF5Q0NtdDFZbVZ5Ym1WMFpYTXdEUVlKS29aSWh2Y05BUUVMQlFBRGdnRUJBSDVzZWhJVXluZDVyd2k4bTFkYgozeFVxM1N0T0FSSjYyKzNrYWswSUZyWnZIM2g2TE9rSCtFMVRGa1Z1VlkzSnJOM1o3RDlxT2hnUzlTZFY1K21mCnpDUDhXaVFqQ1hMcGRDRmpYUW5NdFI0R1dVTFNqYS9kZ3l6UTNIM0JZOWtOUG9remdMdk5QSlJGZmorUUZkS3gKSUJXbEQwTWJUV01MMVJMOG5PeHU4bE9zMXU3VEY0L3VWeTFrRGh4WUhWaFNiWVNXZnBjN3lGMm0zdWJVWFpzdApMcjFLd0czLzRJSG5NeG9QWWZmR1NSb1FEVzZrcURZQmREZm9LNHBFYzlhOEVnTGxsOHQxM0U4SXRSQTJvT3FhCm1aMDdFenZUNloybmt1Zk1LRDdQbXkrSG1EWWR5ZmtsU2VBY280eXg4a25JeXNZTkRobWNkQzBHM0daK1F6L2IKb1NjPQotLS0tLUVORCBDRVJUSUZJQ0FURS0tLS0tCg=="
              }
            ],
            "cluster_id": null,
            "created_at": "2023-03-20 21:29:42.499 +0000 UTC",
            "enabled_cluster_log_types": null,
            "encryption_config": [],
            "endpoint": "https://71F05F429CCFFC5C4293601CD9897A2C.gr7.us-east-1.eks.amazonaws.com",
            "id": "demo",
            "identity": [
              {
                "oidc": [
                  {
                    "issuer": "https://oidc.eks.us-east-1.amazonaws.com/id/71F05F429CCFFC5C4293601CD9897A2C"
                  }
                ]
              }
            ],
            "kubernetes_network_config": [
              {
                "ip_family": "ipv4",
                "service_ipv4_cidr": "172.20.0.0/16",
                "service_ipv6_cidr": ""
              }
            ],
            "name": "demo",
            "outpost_config": [],
            "platform_version": "eks.1",
            "role_arn": "arn:aws:iam::025813252441:role/eks-cluster-demo",
            "status": "ACTIVE",
            "tags": null,
            "tags_all": {},
            "timeouts": null,
            "version": "1.25",
            "vpc_config": [
              {
                "cluster_security_group_id": "sg-0dac4a1174dc0425e",
                "endpoint_private_access": true,
                "endpoint_public_access": true,
                "public_access_cidrs": [
                  "0.0.0.0/0"
                ],
                "security_group_ids": null,
                "subnet_ids": [
                  "subnet-00d4e236fd56b1377",
                  "subnet-0125307c607b18573"
                ],
                "vpc_id": "vpc-0b299c95b6bf79356"
              }
            ]
          },
          "sensitive_attributes": [],
          "private": "eyJlMmJmYjczMC1lY2FhLTExZTYtOGY4OC0zNDM2M2JjN2M0YzAiOnsiY3JlYXRlIjoxODAwMDAwMDAwMDAwLCJkZWxldGUiOjkwMDAwMDAwMDAwMCwidXBkYXRlIjozNjAwMDAwMDAwMDAwfX0=",
          "dependencies": [
            "aws_iam_role.demo",
            "aws_iam_role_policy_attachment.demo-AmazonEKSClusterPolicy",
            "aws_subnet.private-us-east-1a",
            "aws_subnet.private-us-east-1b",
            "aws_vpc.main"
          ]
        }
      ]
    },
    {
      "mode": "managed",
      "type": "aws_eks_node_group",
      "name": "nodes",
      "provider": "provider[\"registry.terraform.io/hashicorp/aws\"]",
      "instances": [
        {
          "schema_version": 0,
          "attributes": {
            "ami_type": "AL2_x86_64",
            "arn": "arn:aws:eks:us-east-1:025813252441:nodegroup/demo/nodes/f8c3807b-ced1-21aa-d20e-5d0cf567ce2a",
            "capacity_type": "ON_DEMAND",
            "cluster_name": "demo",
            "disk_size": 20,
            "force_update_version": false,
            "id": "demo:nodes",
            "instance_types": [
              "t3.small"
            ],
            "labels": {
              "role": "general"
            },
            "launch_template": [],
            "node_group_name": "nodes",
            "node_group_name_prefix": "",
            "node_role_arn": "arn:aws:iam::025813252441:role/eks-node-group-nodes",
            "release_version": "1.24.10-20230304",
            "remote_access": [],
            "resources": [
              {
                "autoscaling_groups": [
                  {
                    "name": "eks-nodes-f8c3807b-ced1-21aa-d20e-5d0cf567ce2a"
                  }
                ],
                "remote_access_security_group_id": ""
              }
            ],
            "scaling_config": [
              {
                "desired_size": 1,
                "max_size": 3,
                "min_size": 0
              }
            ],
            "status": "ACTIVE",
            "subnet_ids": [
              "subnet-00d4e236fd56b1377"
            ],
            "tags": null,
            "tags_all": {},
            "taint": [],
            "timeouts": null,
            "update_config": [
              {
                "max_unavailable": 1,
                "max_unavailable_percentage": 0
              }
            ],
            "version": "1.24"
          },
          "sensitive_attributes": [],
          "private": "eyJlMmJmYjczMC1lY2FhLTExZTYtOGY4OC0zNDM2M2JjN2M0YzAiOnsiY3JlYXRlIjozNjAwMDAwMDAwMDAwLCJkZWxldGUiOjM2MDAwMDAwMDAwMDAsInVwZGF0ZSI6MzYwMDAwMDAwMDAwMH19",
          "dependencies": [
            "aws_eks_cluster.demo",
            "aws_iam_role.demo",
            "aws_iam_role.nodes",
            "aws_iam_role_policy_attachment.demo-AmazonEKSClusterPolicy",
            "aws_iam_role_policy_attachment.nodes-AmazonEC2ContainerRegistryReadOnly",
            "aws_iam_role_policy_attachment.nodes-AmazonEKSWorkerNodePolicy",
            "aws_iam_role_policy_attachment.nodes-AmazonEKS_CNI_Policy",
            "aws_subnet.private-us-east-1a",
            "aws_subnet.private-us-east-1b",
            "aws_vpc.main"
          ]
        }
      ]
    },
    {
      "mode": "managed",
      "type": "aws_iam_policy",
      "name": "eks_worknode_ebs_policy",
      "provider": "provider[\"registry.terraform.io/hashicorp/aws\"]",
      "instances": [
        {
          "schema_version": 0,
          "attributes": {
            "arn": "arn:aws:iam::025813252441:policy/Amazon_EBS_CSI_Driver",
            "description": "",
            "id": "arn:aws:iam::025813252441:policy/Amazon_EBS_CSI_Driver",
            "name": "Amazon_EBS_CSI_Driver",
            "name_prefix": null,
            "path": "/",
            "policy": "{\"Statement\":[{\"Action\":[\"ec2:AttachVolume\",\"ec2:CreateSnapshot\",\"ec2:CreateTags\",\"ec2:CreateVolume\",\"ec2:DeleteSnapshot\",\"ec2:DeleteTags\",\"ec2:DeleteVolume\",\"ec2:DescribeInstances\",\"ec2:DescribeSnapshots\",\"ec2:DescribeTags\",\"ec2:DescribeVolumes\",\"ec2:DetachVolume\"],\"Effect\":\"Allow\",\"Resource\":\"*\"}],\"Version\":\"2012-10-17\"}",
            "policy_id": "ANPAQMAUW7FM7ZIKXDFDJ",
            "tags": null,
            "tags_all": {}
          },
          "sensitive_attributes": [],
          "private": "bnVsbA=="
        }
      ]
    },
    {
      "mode": "managed",
      "type": "aws_iam_role",
      "name": "demo",
      "provider": "provider[\"registry.terraform.io/hashicorp/aws\"]",
      "instances": [
        {
          "schema_version": 0,
          "attributes": {
            "arn": "arn:aws:iam::025813252441:role/eks-cluster-demo",
            "assume_role_policy": "{\"Statement\":[{\"Action\":\"sts:AssumeRole\",\"Effect\":\"Allow\",\"Principal\":{\"Service\":\"eks.amazonaws.com\"}}],\"Version\":\"2012-10-17\"}",
            "create_date": "2023-03-20T21:29:33Z",
            "description": "",
            "force_detach_policies": false,
            "id": "eks-cluster-demo",
            "inline_policy": [],
            "managed_policy_arns": [],
            "max_session_duration": 3600,
            "name": "eks-cluster-demo",
            "name_prefix": "",
            "path": "/",
            "permissions_boundary": null,
            "tags": null,
            "tags_all": {},
            "unique_id": "AROAQMAUW7FMQYAVHNQMT"
          },
          "sensitive_attributes": [],
          "private": "bnVsbA=="
        }
      ]
    },
    {
      "mode": "managed",
      "type": "aws_iam_role",
      "name": "nodes",
      "provider": "provider[\"registry.terraform.io/hashicorp/aws\"]",
      "instances": [
        {
          "schema_version": 0,
          "attributes": {
            "arn": "arn:aws:iam::025813252441:role/eks-node-group-nodes",
            "assume_role_policy": "{\"Statement\":[{\"Action\":\"sts:AssumeRole\",\"Effect\":\"Allow\",\"Principal\":{\"Service\":\"ec2.amazonaws.com\"}}],\"Version\":\"2012-10-17\"}",
            "create_date": "2023-03-20T21:29:33Z",
            "description": "",
            "force_detach_policies": false,
            "id": "eks-node-group-nodes",
            "inline_policy": [],
            "managed_policy_arns": [],
            "max_session_duration": 3600,
            "name": "eks-node-group-nodes",
            "name_prefix": "",
            "path": "/",
            "permissions_boundary": null,
            "tags": null,
            "tags_all": {},
            "unique_id": "AROAQMAUW7FMVCENDTLRK"
          },
          "sensitive_attributes": [],
          "private": "bnVsbA=="
        }
      ]
    },
    {
      "mode": "managed",
      "type": "aws_iam_role_policy_attachment",
      "name": "demo-AmazonEKSClusterPolicy",
      "provider": "provider[\"registry.terraform.io/hashicorp/aws\"]",
      "instances": [
        {
          "schema_version": 0,
          "attributes": {
            "id": "eks-cluster-demo-20230320212936522600000005",
            "policy_arn": "arn:aws:iam::aws:policy/AmazonEKSClusterPolicy",
            "role": "eks-cluster-demo"
          },
          "sensitive_attributes": [],
          "private": "bnVsbA==",
          "dependencies": [
            "aws_iam_role.demo"
          ]
        }
      ]
    },
    {
      "mode": "managed",
      "type": "aws_iam_role_policy_attachment",
      "name": "nodes-AmazonEC2ContainerRegistryReadOnly",
      "provider": "provider[\"registry.terraform.io/hashicorp/aws\"]",
      "instances": [
        {
          "schema_version": 0,
          "attributes": {
            "id": "eks-node-group-nodes-20230320212936404400000004",
            "policy_arn": "arn:aws:iam::aws:policy/AmazonEC2ContainerRegistryReadOnly",
            "role": "eks-node-group-nodes"
          },
          "sensitive_attributes": [],
          "private": "bnVsbA==",
          "dependencies": [
            "aws_iam_role.nodes"
          ]
        }
      ]
    },
    {
      "mode": "managed",
      "type": "aws_iam_role_policy_attachment",
      "name": "nodes-AmazonEKSWorkerNodePolicy",
      "provider": "provider[\"registry.terraform.io/hashicorp/aws\"]",
      "instances": [
        {
          "schema_version": 0,
          "attributes": {
            "id": "eks-node-group-nodes-20230320212936258200000003",
            "policy_arn": "arn:aws:iam::aws:policy/AmazonEKSWorkerNodePolicy",
            "role": "eks-node-group-nodes"
          },
          "sensitive_attributes": [],
          "private": "bnVsbA==",
          "dependencies": [
            "aws_iam_role.nodes"
          ]
        }
      ]
    },
    {
      "mode": "managed",
      "type": "aws_iam_role_policy_attachment",
      "name": "nodes-AmazonEKS_CNI_Policy",
      "provider": "provider[\"registry.terraform.io/hashicorp/aws\"]",
      "instances": [
        {
          "schema_version": 0,
          "attributes": {
            "id": "eks-node-group-nodes-20230320212936240300000002",
            "policy_arn": "arn:aws:iam::aws:policy/AmazonEKS_CNI_Policy",
            "role": "eks-node-group-nodes"
          },
          "sensitive_attributes": [],
          "private": "bnVsbA==",
          "dependencies": [
            "aws_iam_role.nodes"
          ]
        }
      ]
    },
    {
      "mode": "managed",
      "type": "aws_iam_role_policy_attachment",
      "name": "worknode-AmazonEBSCSIDriver",
      "provider": "provider[\"registry.terraform.io/hashicorp/aws\"]",
      "instances": [
        {
          "schema_version": 0,
          "attributes": {
            "id": "eks-node-group-nodes-20230320212936177300000001",
            "policy_arn": "arn:aws:iam::025813252441:policy/Amazon_EBS_CSI_Driver",
            "role": "eks-node-group-nodes"
          },
          "sensitive_attributes": [],
          "private": "bnVsbA==",
          "dependencies": [
            "aws_iam_policy.eks_worknode_ebs_policy",
            "aws_iam_role.nodes"
          ]
        }
      ]
    },
    {
      "mode": "managed",
      "type": "aws_instance",
      "name": "web_instance",
      "provider": "provider[\"registry.terraform.io/hashicorp/aws\"]",
      "instances": [
        {
          "status": "tainted",
          "schema_version": 1,
          "attributes": {
            "ami": "ami-0557a15b87f6559cf",
            "arn": "arn:aws:ec2:us-east-1:025813252441:instance/i-0a54231604eff7e74",
            "associate_public_ip_address": true,
            "availability_zone": "us-east-1a",
            "capacity_reservation_specification": [
              {
                "capacity_reservation_preference": "open",
                "capacity_reservation_target": []
              }
            ],
            "cpu_core_count": 1,
            "cpu_threads_per_core": 1,
            "credit_specification": [
              {
                "cpu_credits": "standard"
              }
            ],
            "disable_api_stop": false,
            "disable_api_termination": false,
            "ebs_block_device": [],
            "ebs_optimized": false,
            "enclave_options": [
              {
                "enabled": false
              }
            ],
            "ephemeral_block_device": [],
            "get_password_data": false,
            "hibernation": false,
            "host_id": "",
            "host_resource_group_arn": null,
            "iam_instance_profile": "",
            "id": "i-0a54231604eff7e74",
            "instance_initiated_shutdown_behavior": "stop",
            "instance_state": "running",
            "instance_type": "t2.micro",
            "ipv6_address_count": 0,
            "ipv6_addresses": [],
            "key_name": "TF_key",
            "launch_template": [],
            "maintenance_options": [
              {
                "auto_recovery": "default"
              }
            ],
            "metadata_options": [
              {
                "http_endpoint": "enabled",
                "http_put_response_hop_limit": 1,
                "http_tokens": "optional",
                "instance_metadata_tags": "disabled"
              }
            ],
            "monitoring": false,
            "network_interface": [],
            "outpost_arn": "",
            "password_data": "",
            "placement_group": "",
            "placement_partition_number": 0,
            "primary_network_interface_id": "eni-0dc38a64e8ee64184",
            "private_dns": "ip-10-0-0-144.ec2.internal",
            "private_dns_name_options": [
              {
                "enable_resource_name_dns_a_record": false,
                "enable_resource_name_dns_aaaa_record": false,
                "hostname_type": "ip-name"
              }
            ],
            "private_ip": "10.0.0.144",
            "public_dns": "",
            "public_ip": "18.234.139.204",
            "root_block_device": [
              {
                "delete_on_termination": true,
                "device_name": "/dev/sda1",
                "encrypted": false,
                "iops": 100,
                "kms_key_id": "",
                "tags": {},
                "throughput": 0,
                "volume_id": "vol-0a2e584e031b1d42b",
                "volume_size": 8,
                "volume_type": "gp2"
              }
            ],
            "secondary_private_ips": [],
            "security_groups": [],
            "source_dest_check": true,
            "subnet_id": "subnet-04c9ed61b0ef0914f",
            "tags": null,
            "tags_all": {},
            "tenancy": "default",
            "timeouts": null,
            "user_data": null,
            "user_data_base64": null,
            "user_data_replace_on_change": false,
            "volume_tags": null,
            "vpc_security_group_ids": [
              "sg-023ecb49492a48223"
            ]
          },
          "sensitive_attributes": [],
          "private": "eyJlMmJmYjczMC1lY2FhLTExZTYtOGY4OC0zNDM2M2JjN2M0YzAiOnsiY3JlYXRlIjo2MDAwMDAwMDAwMDAsImRlbGV0ZSI6MTIwMDAwMDAwMDAwMCwidXBkYXRlIjo2MDAwMDAwMDAwMDB9LCJzY2hlbWFfdmVyc2lvbiI6IjEifQ==",
          "dependencies": [
            "aws_security_group.aws_sg",
            "aws_subnet.public-us-east-1a",
            "aws_vpc.main"
          ]
        }
      ]
    },
    {
      "mode": "managed",
      "type": "aws_internet_gateway",
      "name": "igw",
      "provider": "provider[\"registry.terraform.io/hashicorp/aws\"]",
      "instances": [
        {
          "schema_version": 0,
          "attributes": {
            "arn": "arn:aws:ec2:us-east-1:025813252441:internet-gateway/igw-037c8a4ffa804f546",
            "id": "igw-037c8a4ffa804f546",
            "owner_id": "025813252441",
            "tags": null,
            "tags_all": {},
            "timeouts": null,
            "vpc_id": "vpc-0b299c95b6bf79356"
          },
          "sensitive_attributes": [],
          "private": "eyJlMmJmYjczMC1lY2FhLTExZTYtOGY4OC0zNDM2M2JjN2M0YzAiOnsiY3JlYXRlIjoxMjAwMDAwMDAwMDAwLCJkZWxldGUiOjEyMDAwMDAwMDAwMDAsInVwZGF0ZSI6MTIwMDAwMDAwMDAwMH19",
          "dependencies": [
            "aws_vpc.main"
          ]
        }
      ]
    },
    {
      "mode": "managed",
      "type": "aws_key_pair",
      "name": "TF_key",
      "provider": "provider[\"registry.terraform.io/hashicorp/aws\"]",
      "instances": [
        {
          "schema_version": 1,
          "attributes": {
            "arn": "arn:aws:ec2:us-east-1:025813252441:key-pair/TF_key",
            "fingerprint": "d6:7a:2d:42:ed:ce:01:2d:63:88:ae:64:31:2e:ef:f0",
            "id": "TF_key",
            "key_name": "TF_key",
            "key_name_prefix": "",
            "key_pair_id": "key-08ded0787b1364271",
            "key_type": "rsa",
            "public_key": "ssh-rsa AAAAB3NzaC1yc2EAAAADAQABAAACAQDitejk2bKRypG6KwyG9uh0UJSPTu20eeE7zwKYZIyjDUGf7PVPOF/t3+8abTIkl2MU5LuDkMk0UX5qedK0rS35VGkLo41lscGCOnz88z7pWUZIGa9RBJafGDMv7FmGJ2ytijeC6BtNcnGHaNInph7ogjssT8cqgFIIo3mnTMYvRlQzHEyEP3I/eVEx9xGAX6pOYRKBQA4sHvBff/SG6LIJOJPLLcoYf7+2OtH7ILYcjmDxVDUDFWSZ8drgf+ujW1zYOerMj87pdomVOQ+9yhXWL1/XA832GDdtETlVkHSEe+9I/GVYE9rR0xWiFI2Ov2nWGTMwaxfxhELNDNVcjhtrkyAJgQcoUrRC2eX60/zT/n9cQAQiGiiVBI1eB3rTB6NRTUXiB6ZNZ7VQk+WO0ogMaOiQFMdCSlD0MhSRX7RBkoOoU89P8sZBPXaZdIDWwylREBc+spbMZYGOuLQpTM2jc43Ph49RxOFyzNIoHG/WT6PfPrwUc5gc/ntP/WDbmRMoDHoCFd962sp6oJNJv/3AuiD8C+AIgrGh2EEtiIzqTjdeUIN9eS0NwQy1cRVxBKX8O9ZMvwibRnOKzv6x5ZhkHCVq/Ns6l3FiA+YhGbUE1yWi2ZhNKpx37SSVE8vYPeNzuJgazgOW3BVPVk10lyk2WW+uLiJn6OIpuiJaQjjhhQ==",
            "tags": null,
            "tags_all": {}
          },
          "sensitive_attributes": [],
          "private": "eyJzY2hlbWFfdmVyc2lvbiI6IjEifQ==",
          "dependencies": [
            "tls_private_key.rsa"
          ]
        }
      ]
    },
    {
      "mode": "managed",
      "type": "aws_nat_gateway",
      "name": "nat",
      "provider": "provider[\"registry.terraform.io/hashicorp/aws\"]",
      "instances": [
        {
          "schema_version": 0,
          "attributes": {
            "allocation_id": "eipalloc-0e7b0a0d442cba6d5",
            "connectivity_type": "public",
            "id": "nat-0f0864aac8f04a3ae",
            "network_interface_id": "eni-0fcf752c61366ccf5",
            "private_ip": "10.0.0.149",
            "public_ip": "18.205.48.27",
            "subnet_id": "subnet-04c9ed61b0ef0914f",
            "tags": {
              "Name": "nat"
            },
            "tags_all": {
              "Name": "nat"
            }
          },
          "sensitive_attributes": [],
          "private": "bnVsbA==",
          "dependencies": [
            "aws_eip.nat",
            "aws_internet_gateway.igw",
            "aws_subnet.public-us-east-1a",
            "aws_vpc.main"
          ]
        }
      ]
    },
    {
      "mode": "managed",
      "type": "aws_route_table",
      "name": "private_route_table",
      "provider": "provider[\"registry.terraform.io/hashicorp/aws\"]",
      "instances": [
        {
          "schema_version": 0,
          "attributes": {
            "arn": "arn:aws:ec2:us-east-1:025813252441:route-table/rtb-02f25c8bfba6ae87c",
            "id": "rtb-02f25c8bfba6ae87c",
            "owner_id": "025813252441",
            "propagating_vgws": [],
            "route": [
              {
                "carrier_gateway_id": "",
                "cidr_block": "0.0.0.0/0",
                "core_network_arn": "",
                "destination_prefix_list_id": "",
                "egress_only_gateway_id": "",
                "gateway_id": "",
                "instance_id": "",
                "ipv6_cidr_block": "",
                "local_gateway_id": "",
                "nat_gateway_id": "nat-0f0864aac8f04a3ae",
                "network_interface_id": "",
                "transit_gateway_id": "",
                "vpc_endpoint_id": "",
                "vpc_peering_connection_id": ""
              }
            ],
            "tags": {
              "Name": "private_route_table"
            },
            "tags_all": {
              "Name": "private_route_table"
            },
            "timeouts": null,
            "vpc_id": "vpc-0b299c95b6bf79356"
          },
          "sensitive_attributes": [],
          "private": "eyJlMmJmYjczMC1lY2FhLTExZTYtOGY4OC0zNDM2M2JjN2M0YzAiOnsiY3JlYXRlIjozMDAwMDAwMDAwMDAsImRlbGV0ZSI6MzAwMDAwMDAwMDAwLCJ1cGRhdGUiOjEyMDAwMDAwMDAwMH19",
          "dependencies": [
            "aws_eip.nat",
            "aws_internet_gateway.igw",
            "aws_nat_gateway.nat",
            "aws_subnet.public-us-east-1a",
            "aws_vpc.main"
          ]
        }
      ]
    },
    {
      "mode": "managed",
      "type": "aws_route_table",
      "name": "public_route_table",
      "provider": "provider[\"registry.terraform.io/hashicorp/aws\"]",
      "instances": [
        {
          "schema_version": 0,
          "attributes": {
            "arn": "arn:aws:ec2:us-east-1:025813252441:route-table/rtb-076c5cf22289669f1",
            "id": "rtb-076c5cf22289669f1",
            "owner_id": "025813252441",
            "propagating_vgws": [],
            "route": [
              {
                "carrier_gateway_id": "",
                "cidr_block": "0.0.0.0/0",
                "core_network_arn": "",
                "destination_prefix_list_id": "",
                "egress_only_gateway_id": "",
                "gateway_id": "igw-037c8a4ffa804f546",
                "instance_id": "",
                "ipv6_cidr_block": "",
                "local_gateway_id": "",
                "nat_gateway_id": "",
                "network_interface_id": "",
                "transit_gateway_id": "",
                "vpc_endpoint_id": "",
                "vpc_peering_connection_id": ""
              }
            ],
            "tags": {
              "Name": "public_route_table"
            },
            "tags_all": {
              "Name": "public_route_table"
            },
            "timeouts": null,
            "vpc_id": "vpc-0b299c95b6bf79356"
          },
          "sensitive_attributes": [],
          "private": "eyJlMmJmYjczMC1lY2FhLTExZTYtOGY4OC0zNDM2M2JjN2M0YzAiOnsiY3JlYXRlIjozMDAwMDAwMDAwMDAsImRlbGV0ZSI6MzAwMDAwMDAwMDAwLCJ1cGRhdGUiOjEyMDAwMDAwMDAwMH19",
          "dependencies": [
            "aws_internet_gateway.igw",
            "aws_vpc.main"
          ]
        }
      ]
    },
    {
      "mode": "managed",
      "type": "aws_route_table_association",
      "name": "private-us-east-1a",
      "provider": "provider[\"registry.terraform.io/hashicorp/aws\"]",
      "instances": [
        {
          "schema_version": 0,
          "attributes": {
            "gateway_id": "",
            "id": "rtbassoc-0ce1195832845d50c",
            "route_table_id": "rtb-02f25c8bfba6ae87c",
            "subnet_id": "subnet-00d4e236fd56b1377"
          },
          "sensitive_attributes": [],
          "private": "bnVsbA==",
          "dependencies": [
            "aws_eip.nat",
            "aws_internet_gateway.igw",
            "aws_nat_gateway.nat",
            "aws_route_table.private_route_table",
            "aws_subnet.private-us-east-1a",
            "aws_subnet.public-us-east-1a",
            "aws_vpc.main"
          ]
        }
      ]
    },
    {
      "mode": "managed",
      "type": "aws_route_table_association",
      "name": "private-us-east-1b",
      "provider": "provider[\"registry.terraform.io/hashicorp/aws\"]",
      "instances": [
        {
          "schema_version": 0,
          "attributes": {
            "gateway_id": "",
            "id": "rtbassoc-0bdbec81eac69ae8e",
            "route_table_id": "rtb-02f25c8bfba6ae87c",
            "subnet_id": "subnet-0125307c607b18573"
          },
          "sensitive_attributes": [],
          "private": "bnVsbA==",
          "dependencies": [
            "aws_eip.nat",
            "aws_internet_gateway.igw",
            "aws_nat_gateway.nat",
            "aws_route_table.private_route_table",
            "aws_subnet.private-us-east-1b",
            "aws_subnet.public-us-east-1a",
            "aws_vpc.main"
          ]
        }
      ]
    },
    {
      "mode": "managed",
      "type": "aws_route_table_association",
      "name": "public-us-east-1a",
      "provider": "provider[\"registry.terraform.io/hashicorp/aws\"]",
      "instances": [
        {
          "schema_version": 0,
          "attributes": {
            "gateway_id": "",
            "id": "rtbassoc-07904af26762123fb",
            "route_table_id": "rtb-076c5cf22289669f1",
            "subnet_id": "subnet-04c9ed61b0ef0914f"
          },
          "sensitive_attributes": [],
          "private": "bnVsbA==",
          "dependencies": [
            "aws_internet_gateway.igw",
            "aws_route_table.public_route_table",
            "aws_subnet.public-us-east-1a",
            "aws_vpc.main"
          ]
        }
      ]
    },
    {
      "mode": "managed",
      "type": "aws_route_table_association",
      "name": "public-us-east-1b",
      "provider": "provider[\"registry.terraform.io/hashicorp/aws\"]",
      "instances": [
        {
          "schema_version": 0,
          "attributes": {
            "gateway_id": "",
            "id": "rtbassoc-089f35e768b73f2aa",
            "route_table_id": "rtb-076c5cf22289669f1",
            "subnet_id": "subnet-08878177b74c866e6"
          },
          "sensitive_attributes": [],
          "private": "bnVsbA==",
          "dependencies": [
            "aws_internet_gateway.igw",
            "aws_route_table.public_route_table",
            "aws_subnet.public-us-east-1b",
            "aws_vpc.main"
          ]
        }
      ]
    },
    {
      "mode": "managed",
      "type": "aws_security_group",
      "name": "aws_sg",
      "provider": "provider[\"registry.terraform.io/hashicorp/aws\"]",
      "instances": [
        {
          "schema_version": 1,
          "attributes": {
            "arn": "arn:aws:ec2:us-east-1:025813252441:security-group/sg-023ecb49492a48223",
            "description": "Managed by Terraform",
            "egress": [
              {
                "cidr_blocks": [
                  "0.0.0.0/0"
                ],
                "description": "outbound",
                "from_port": 0,
                "ipv6_cidr_blocks": [],
                "prefix_list_ids": [],
                "protocol": "-1",
                "security_groups": [],
                "self": false,
                "to_port": 0
              }
            ],
            "id": "sg-023ecb49492a48223",
            "ingress": [
              {
                "cidr_blocks": [
                  "0.0.0.0/0"
                ],
                "description": "Allow port 22 - inbound",
                "from_port": 22,
                "ipv6_cidr_blocks": [],
                "prefix_list_ids": [],
                "protocol": "tcp",
                "security_groups": [],
                "self": false,
                "to_port": 22
              },
              {
                "cidr_blocks": [
                  "0.0.0.0/0"
                ],
                "description": "Allow port 80 - inbound",
                "from_port": 80,
                "ipv6_cidr_blocks": [],
                "prefix_list_ids": [],
                "protocol": "tcp",
                "security_groups": [],
                "self": false,
                "to_port": 80
              },
              {
                "cidr_blocks": [
                  "0.0.0.0/0"
                ],
                "description": "Allow port 8080 - inbound",
                "from_port": 8080,
                "ipv6_cidr_blocks": [],
                "prefix_list_ids": [],
                "protocol": "tcp",
                "security_groups": [],
                "self": false,
                "to_port": 8080
              }
            ],
            "name": "Jenkins-sg",
            "name_prefix": "",
            "owner_id": "025813252441",
            "revoke_rules_on_delete": false,
            "tags": {
              "Name": "aws_sg"
            },
            "tags_all": {
              "Name": "aws_sg"
            },
            "timeouts": null,
            "vpc_id": "vpc-0b299c95b6bf79356"
          },
          "sensitive_attributes": [],
          "private": "eyJlMmJmYjczMC1lY2FhLTExZTYtOGY4OC0zNDM2M2JjN2M0YzAiOnsiY3JlYXRlIjo2MDAwMDAwMDAwMDAsImRlbGV0ZSI6OTAwMDAwMDAwMDAwfSwic2NoZW1hX3ZlcnNpb24iOiIxIn0=",
          "dependencies": [
            "aws_vpc.main"
          ]
        }
      ]
    },
    {
      "mode": "managed",
      "type": "aws_subnet",
      "name": "private-us-east-1a",
      "provider": "provider[\"registry.terraform.io/hashicorp/aws\"]",
      "instances": [
        {
          "schema_version": 1,
          "attributes": {
            "arn": "arn:aws:ec2:us-east-1:025813252441:subnet/subnet-00d4e236fd56b1377",
            "assign_ipv6_address_on_creation": false,
            "availability_zone": "us-east-1a",
            "availability_zone_id": "use1-az1",
            "cidr_block": "10.0.1.0/24",
            "customer_owned_ipv4_pool": "",
            "enable_dns64": false,
            "enable_resource_name_dns_a_record_on_launch": false,
            "enable_resource_name_dns_aaaa_record_on_launch": false,
            "id": "subnet-00d4e236fd56b1377",
            "ipv6_cidr_block": "",
            "ipv6_cidr_block_association_id": "",
            "ipv6_native": false,
            "map_customer_owned_ip_on_launch": false,
            "map_public_ip_on_launch": false,
            "outpost_arn": "",
            "owner_id": "025813252441",
            "private_dns_hostname_type_on_launch": "ip-name",
            "tags": {
              "Name": "private-us-east-1a",
              "kubernetes.io/cluster/demo": "owned",
              "kubernetes.io/role/internal-elb": "1"
            },
            "tags_all": {
              "Name": "private-us-east-1a",
              "kubernetes.io/cluster/demo": "owned",
              "kubernetes.io/role/internal-elb": "1"
            },
            "timeouts": null,
            "vpc_id": "vpc-0b299c95b6bf79356"
          },
          "sensitive_attributes": [],
          "private": "eyJlMmJmYjczMC1lY2FhLTExZTYtOGY4OC0zNDM2M2JjN2M0YzAiOnsiY3JlYXRlIjo2MDAwMDAwMDAwMDAsImRlbGV0ZSI6MTIwMDAwMDAwMDAwMH0sInNjaGVtYV92ZXJzaW9uIjoiMSJ9",
          "dependencies": [
            "aws_vpc.main"
          ]
        }
      ]
    },
    {
      "mode": "managed",
      "type": "aws_subnet",
      "name": "private-us-east-1b",
      "provider": "provider[\"registry.terraform.io/hashicorp/aws\"]",
      "instances": [
        {
          "schema_version": 1,
          "attributes": {
            "arn": "arn:aws:ec2:us-east-1:025813252441:subnet/subnet-0125307c607b18573",
            "assign_ipv6_address_on_creation": false,
            "availability_zone": "us-east-1b",
            "availability_zone_id": "use1-az2",
            "cidr_block": "10.0.3.0/24",
            "customer_owned_ipv4_pool": "",
            "enable_dns64": false,
            "enable_resource_name_dns_a_record_on_launch": false,
            "enable_resource_name_dns_aaaa_record_on_launch": false,
            "id": "subnet-0125307c607b18573",
            "ipv6_cidr_block": "",
            "ipv6_cidr_block_association_id": "",
            "ipv6_native": false,
            "map_customer_owned_ip_on_launch": false,
            "map_public_ip_on_launch": false,
            "outpost_arn": "",
            "owner_id": "025813252441",
            "private_dns_hostname_type_on_launch": "ip-name",
            "tags": {
              "Name": "private-us-east-1b",
              "kubernetes.io/cluster/demo": "owned",
              "kubernetes.io/role/internal-elb": "1"
            },
            "tags_all": {
              "Name": "private-us-east-1b",
              "kubernetes.io/cluster/demo": "owned",
              "kubernetes.io/role/internal-elb": "1"
            },
            "timeouts": null,
            "vpc_id": "vpc-0b299c95b6bf79356"
          },
          "sensitive_attributes": [],
          "private": "eyJlMmJmYjczMC1lY2FhLTExZTYtOGY4OC0zNDM2M2JjN2M0YzAiOnsiY3JlYXRlIjo2MDAwMDAwMDAwMDAsImRlbGV0ZSI6MTIwMDAwMDAwMDAwMH0sInNjaGVtYV92ZXJzaW9uIjoiMSJ9",
          "dependencies": [
            "aws_vpc.main"
          ]
        }
      ]
    },
    {
      "mode": "managed",
      "type": "aws_subnet",
      "name": "public-us-east-1a",
      "provider": "provider[\"registry.terraform.io/hashicorp/aws\"]",
      "instances": [
        {
          "schema_version": 1,
          "attributes": {
            "arn": "arn:aws:ec2:us-east-1:025813252441:subnet/subnet-04c9ed61b0ef0914f",
            "assign_ipv6_address_on_creation": false,
            "availability_zone": "us-east-1a",
            "availability_zone_id": "use1-az1",
            "cidr_block": "10.0.0.0/24",
            "customer_owned_ipv4_pool": "",
            "enable_dns64": false,
            "enable_resource_name_dns_a_record_on_launch": false,
            "enable_resource_name_dns_aaaa_record_on_launch": false,
            "id": "subnet-04c9ed61b0ef0914f",
            "ipv6_cidr_block": "",
            "ipv6_cidr_block_association_id": "",
            "ipv6_native": false,
            "map_customer_owned_ip_on_launch": false,
            "map_public_ip_on_launch": true,
            "outpost_arn": "",
            "owner_id": "025813252441",
            "private_dns_hostname_type_on_launch": "ip-name",
            "tags": {
              "Name": "public-us-east-1a",
              "kubernetes.io/cluster/demo": "owned",
              "kubernetes.io/role/elb": "1"
            },
            "tags_all": {
              "Name": "public-us-east-1a",
              "kubernetes.io/cluster/demo": "owned",
              "kubernetes.io/role/elb": "1"
            },
            "timeouts": null,
            "vpc_id": "vpc-0b299c95b6bf79356"
          },
          "sensitive_attributes": [],
          "private": "eyJlMmJmYjczMC1lY2FhLTExZTYtOGY4OC0zNDM2M2JjN2M0YzAiOnsiY3JlYXRlIjo2MDAwMDAwMDAwMDAsImRlbGV0ZSI6MTIwMDAwMDAwMDAwMH0sInNjaGVtYV92ZXJzaW9uIjoiMSJ9",
          "dependencies": [
            "aws_vpc.main"
          ]
        }
      ]
    },
    {
      "mode": "managed",
      "type": "aws_subnet",
      "name": "public-us-east-1b",
      "provider": "provider[\"registry.terraform.io/hashicorp/aws\"]",
      "instances": [
        {
          "schema_version": 1,
          "attributes": {
            "arn": "arn:aws:ec2:us-east-1:025813252441:subnet/subnet-08878177b74c866e6",
            "assign_ipv6_address_on_creation": false,
            "availability_zone": "us-east-1b",
            "availability_zone_id": "use1-az2",
            "cidr_block": "10.0.2.0/24",
            "customer_owned_ipv4_pool": "",
            "enable_dns64": false,
            "enable_resource_name_dns_a_record_on_launch": false,
            "enable_resource_name_dns_aaaa_record_on_launch": false,
            "id": "subnet-08878177b74c866e6",
            "ipv6_cidr_block": "",
            "ipv6_cidr_block_association_id": "",
            "ipv6_native": false,
            "map_customer_owned_ip_on_launch": false,
            "map_public_ip_on_launch": true,
            "outpost_arn": "",
            "owner_id": "025813252441",
            "private_dns_hostname_type_on_launch": "ip-name",
            "tags": {
              "Name": "public-us-east-1b",
              "kubernetes.io/cluster/demo": "owned",
              "kubernetes.io/role/elb": "1"
            },
            "tags_all": {
              "Name": "public-us-east-1b",
              "kubernetes.io/cluster/demo": "owned",
              "kubernetes.io/role/elb": "1"
            },
            "timeouts": null,
            "vpc_id": "vpc-0b299c95b6bf79356"
          },
          "sensitive_attributes": [],
          "private": "eyJlMmJmYjczMC1lY2FhLTExZTYtOGY4OC0zNDM2M2JjN2M0YzAiOnsiY3JlYXRlIjo2MDAwMDAwMDAwMDAsImRlbGV0ZSI6MTIwMDAwMDAwMDAwMH0sInNjaGVtYV92ZXJzaW9uIjoiMSJ9",
          "dependencies": [
            "aws_vpc.main"
          ]
        }
      ]
    },
    {
      "mode": "managed",
      "type": "aws_vpc",
      "name": "main",
      "provider": "provider[\"registry.terraform.io/hashicorp/aws\"]",
      "instances": [
        {
          "schema_version": 1,
          "attributes": {
            "arn": "arn:aws:ec2:us-east-1:025813252441:vpc/vpc-0b299c95b6bf79356",
            "assign_generated_ipv6_cidr_block": false,
            "cidr_block": "10.0.0.0/16",
            "default_network_acl_id": "acl-0b0203725ea454670",
            "default_route_table_id": "rtb-0b473f39defce4b24",
            "default_security_group_id": "sg-0492ffd50edf3c5ce",
            "dhcp_options_id": "dopt-0e1c262350d170fc8",
            "enable_classiclink": false,
            "enable_classiclink_dns_support": false,
            "enable_dns_hostnames": false,
            "enable_dns_support": true,
            "enable_network_address_usage_metrics": false,
            "id": "vpc-0b299c95b6bf79356",
            "instance_tenancy": "default",
            "ipv4_ipam_pool_id": null,
            "ipv4_netmask_length": null,
            "ipv6_association_id": "",
            "ipv6_cidr_block": "",
            "ipv6_cidr_block_network_border_group": "",
            "ipv6_ipam_pool_id": "",
            "ipv6_netmask_length": 0,
            "main_route_table_id": "rtb-0b473f39defce4b24",
            "owner_id": "025813252441",
            "tags": null,
            "tags_all": {}
          },
          "sensitive_attributes": [],
          "private": "eyJzY2hlbWFfdmVyc2lvbiI6IjEifQ=="
        }
      ]
    },
    {
      "mode": "managed",
      "type": "local_file",
      "name": "TF-key",
      "provider": "provider[\"registry.terraform.io/hashicorp/local\"]",
      "instances": [
        {
          "schema_version": 0,
          "attributes": {
            "content": "-----BEGIN RSA PRIVATE KEY-----\nMIIJKQIBAAKCAgEA4rXo5NmykcqRuisMhvbodFCUj07ttHnhO88CmGSMow1Bn+z1\nTzhf7d/vGm0yJJdjFOS7g5DJNFF+annStK0t+VRpC6ONZbHBgjp8/PM+6VlGSBmv\nUQSWnxgzL+xZhidsrYo3gugbTXJxh2jSJ6Ye6II7LE/HKoBSCKN5p0zGL0ZUMxxM\nhD9yP3lRMfcRgF+qTmESgUAOLB7wX3/0huiyCTiTyy3KGH+/tjrR+yC2HI5g8VQ1\nAxVkmfHa4H/ro1tc2DnqzI/O6XaJlTkPvcoV1i9f1wPN9hg3bRE5VZB0hHvvSPxl\nWBPa0dMVohSNjr9p1hkzMGsX8YRCzQzVXI4ba5MgCYEHKFK0Qtnl+tP80/5/XEAE\nIhoolQSNXgd60wejUU1F4gemTWe1UJPljtKIDGjokBTHQkpQ9DIUkV+0QZKDqFPP\nT/LGQT12mXSA1sMpURAXPrKWzGWBjri0KUzNo3ONz4ePUcThcszSKBxv1k+j3z68\nFHOYHP57T/1g25kTKAx6AhXfetrKeqCTSb/9wLog/AvgCIKxodhBLYiM6k43XlCD\nfXktDcEMtXEVcQSl/DvWTL8Im0Zzis7+seWYZBwlavzbOpdxYgPmIRm1BNclotmY\nTSqcd+0klRPL2D3jc7iYGs4DltwVT1ZNdJcpNllvri4iZ+jiKboiWkI44YUCAwEA\nAQKCAgEAuZm9aaWD2HFjbmsR3WhEE/1oMg6m8gqZx1IJSOOAc3hF0ny2s71uY5rh\n79uXondBiXhcvzAIWMmi2d6UDpB8w9NEEGA8QRYOWuQxMRCe34DT1fEZIxXDjcnN\nFh3DiN27zjMKkSQePgBES1wYOJd6VFVRxkwlvHjDMAlNbhafZVKJWjJ/vgEHMknK\nnEIt1M/86B/2e1QKhjpqBXUGpm/YWU41SLBa9EWZmMF86L/191jkqo2KvNSFwLZM\nv2BadCk20FpSDFhrR5xgtIa7iV/pEqlEKA4YTrGypprkOlWB3nhsBG+FNF9E1GSg\nIEn9PfEc30dQLgJu3q2t1pr8DcLVVGiUzApexdC8N654WKVhQHFasng3Jfil2Xjm\n7LX/N3gEtY5BLoKP1BeP5y8Dww5nCXNyAth8ry5thBKUJWpjlvMoy1Aw867XhnCR\nEiY55XerLr3eeFkhLBiomExjU9UJtInOANlEsGcWGFXLUFNK/Kug0u+mKvzQC1rc\nWQznrV0anCbmcZr4lE9g00xu4b3w5qNouJd5S48O3ZqJ8GLNh/XHQcasjuHjsVAd\n2G3Fe4KmkJ/Do17x5rZZGfkUAQE6FaYy5bewX1873maMpStuCO4iA3BDAJsBOwkB\n3ndfV04HeR2sKGT0no5ZSIP4NuBASVFT3wYzL3ATkVWCnhhlL2ECggEBAObeqTgc\njc1HrY0U9LvdDYg1XnXVuWNggj86M5/hRZJNluC9W6Tpp2Vanu5MwxJ85Kdl9KjT\n1GpuxOBcvy0qdhkPI5WwSZdo0YpQpn76TYA/twe6lEuMfFPY+GOwNe51iFRui3zP\nmgRSFHtmbeLqzYbsGT9wPiTRQhMb5Hl2gSjzpCfhkyrBl6UenSihfKH6IlB81Yy+\nRjdKZnY+9sgRL4J5QS5omBH6lMQdDj23yktt1+8+/Jd3eM3aQ6o4xsYA/fO+S55d\nvhP7uo97eOmkotqfHO3qnz+eUmTRKbYXh6LTKC7S+1PBt/dBHNSFm7465CECRzBn\ni+/qiPeTnZsQ6kkCggEBAPtjWaz2zGTr1Gh55vjArWKtivASo3rDT5aYvUJecTXk\nuqmmxGfUxjqF8qmRIff2xccTgiecw1bfyr9F7YGhBTgZA93/Zoyg80fBgLwuv6Xb\n1ZCwf4TgziY4UP1JE+JGjwpTZlegv4kQ9mNOQjnPKbkORrfFvk/72a3neN6GkVMP\nhS7+OVQun9BV7wfkX6mB/JHsqBZBy0NaFC3YWF4d0yl06cAVplF60gX2f1tDw9tn\n8fWWjI2N6SuOSa+aF71bfDNJ3pXBw8zVQqvU2vvV048t9pOtaHSyOVBJRLPEXNVC\n8VukwOJNa3gTOmg9mekOuJaBEX8vw928pFaSSeo9nV0CggEAbLVNguFXF+D3ZGYI\nsujsdUWD/AIt8BBCZBk4s8C0LKaiM6KWI3nt23inO1gjxnHOjNAiOti7vX348Bhb\n4J2MzFHnlJVUoZm2iOVe8I1VrtzRhy8gos48wJJ6qx4O1wC6t97xiUyLnhs0D8L0\nXRPowO4tGUT1zgpGjY7lrxfQy4Klui2qSUis6hAXOkmH0RFh1Ppi54m0sFY1Ftqh\nAyWsdEg6G+seJ+EQ6aMw0HjZJVlMgxfqgju8Q1nR4LYpSpSu/3WMT76eQPSYLPWb\nwpBGKqEfUxvV7nPTIium81nzAQVid2Ha+95MjH05YQykgBdk0fIrqSwopUiPQ9xb\nKuf1GQKCAQEA3su/d3bH0Y3dE7cuSDpjsHgEEh9CuhONXvgBjGetSEluUdtWaHuA\nL+/1D+lrxJr10CjvCnJ6AW2YAAtWorN1r7Ej50VquqoO0wKhOKbp/XInBfQXIEop\nCmCRDtoMgFdugIVHx9PUzQK2i26ZbSi4XqVTcZ4UvEiGNQVX70guVgIEVJDFeGFW\nDEuM7F6vlch5c07d7dPj9M5J4hPCxa8DLdPLMw08+Su0JcrANr+JPtQR8km6Sd6C\nz7JshfA4p/8DxWTrm6g+AzTiwO2GIvnwZQ4kYd+nGv21o/07oWMfr3aD+Ge89xQM\nckAAXNBzrsT4PZMoUaOgoM2GjJ9cWPjAlQKCAQB96fbXQ5CjpUtCbX4HszkxJOH1\nNNIMdAc9YO4D9T4T/00368Zy0hb4huIaEO2921CtwivqBVLapsSeAfOxdTJmNuzz\nAlIiXskXfK+huqs039nPssO2c0o8DsySo+lGMpyi/qknrNZ1/dUb23cItCy7f79Y\ntVNuvx9Z5UXdfP+62yHu1HXK3Qv/5H1nhHea59wPKFTtx1SNhAUo6MwIx9c04da7\n4eqZ1nPyCCUK5W6W0KLuf8tKPTO8yIEzV6+537h+9HOpzpvwmpVSU+SfA3H/sZuk\nUrkndy6ktGs74d/Zeu+B62Qs+JucCfbB7Pl6y/wgT7UioNSpD2pCHMNcNVcf\n-----END RSA PRIVATE KEY-----\n",
            "content_base64": null,
            "content_base64sha256": "+OgE/3/jiJEbaKOCCxLzSVCWaKR+LkVfW/yrO8K5+Dc=",
            "content_base64sha512": "LRPFX5pC4HWyEYwYJ76nx0Xmvljd6Uo4o/1zrk7PnERPy20FjWxykfGGBoeDbwkQJX7It+Y7tz/P2kq18BXhCA==",
            "content_md5": "c2d37aa65d72464b0cbaa5e2092b1d0d",
            "content_sha1": "73b7083705d0e55ce4fedad40ccc420d252252b8",
            "content_sha256": "f8e804ff7fe388911b68a3820b12f349509668a47e2e455f5bfcab3bc2b9f837",
            "content_sha512": "2d13c55f9a42e075b2118c1827bea7c745e6be58dde94a38a3fd73ae4ecf9c444fcb6d058d6c7291f1860687836f0910257ec8b7e63bb73fcfda4ab5f015e108",
            "directory_permission": "0777",
            "file_permission": "0777",
            "filename": "tfkey.pem",
            "id": "73b7083705d0e55ce4fedad40ccc420d252252b8",
            "sensitive_content": null,
            "source": null
          },
          "sensitive_attributes": [
            [
              {
                "type": "get_attr",
                "value": "content"
              }
            ]
          ],
          "dependencies": [
            "tls_private_key.rsa"
          ]
        }
      ]
    },
    {
      "mode": "managed",
      "type": "tls_private_key",
      "name": "rsa",
      "provider": "provider[\"registry.terraform.io/hashicorp/tls\"]",
      "instances": [
        {
          "schema_version": 1,
          "attributes": {
            "algorithm": "RSA",
            "ecdsa_curve": "P224",
            "id": "78babca7a390946f62cde181cf7a916f661d589c",
            "private_key_openssh": "-----BEGIN OPENSSH PRIVATE KEY-----\nb3BlbnNzaC1rZXktdjEAAAAABG5vbmUAAAAEbm9uZQAAAAAAAAABAAACFwAAAAdz\nc2gtcnNhAAAAAwEAAQAAAgEA4rXo5NmykcqRuisMhvbodFCUj07ttHnhO88CmGSM\now1Bn+z1Tzhf7d/vGm0yJJdjFOS7g5DJNFF+annStK0t+VRpC6ONZbHBgjp8/PM+\n6VlGSBmvUQSWnxgzL+xZhidsrYo3gugbTXJxh2jSJ6Ye6II7LE/HKoBSCKN5p0zG\nL0ZUMxxMhD9yP3lRMfcRgF+qTmESgUAOLB7wX3/0huiyCTiTyy3KGH+/tjrR+yC2\nHI5g8VQ1AxVkmfHa4H/ro1tc2DnqzI/O6XaJlTkPvcoV1i9f1wPN9hg3bRE5VZB0\nhHvvSPxlWBPa0dMVohSNjr9p1hkzMGsX8YRCzQzVXI4ba5MgCYEHKFK0Qtnl+tP8\n0/5/XEAEIhoolQSNXgd60wejUU1F4gemTWe1UJPljtKIDGjokBTHQkpQ9DIUkV+0\nQZKDqFPPT/LGQT12mXSA1sMpURAXPrKWzGWBjri0KUzNo3ONz4ePUcThcszSKBxv\n1k+j3z68FHOYHP57T/1g25kTKAx6AhXfetrKeqCTSb/9wLog/AvgCIKxodhBLYiM\n6k43XlCDfXktDcEMtXEVcQSl/DvWTL8Im0Zzis7+seWYZBwlavzbOpdxYgPmIRm1\nBNclotmYTSqcd+0klRPL2D3jc7iYGs4DltwVT1ZNdJcpNllvri4iZ+jiKboiWkI4\n4YUAAAc4K5d0iCuXdIgAAAAHc3NoLXJzYQAAAgEA4rXo5NmykcqRuisMhvbodFCU\nj07ttHnhO88CmGSMow1Bn+z1Tzhf7d/vGm0yJJdjFOS7g5DJNFF+annStK0t+VRp\nC6ONZbHBgjp8/PM+6VlGSBmvUQSWnxgzL+xZhidsrYo3gugbTXJxh2jSJ6Ye6II7\nLE/HKoBSCKN5p0zGL0ZUMxxMhD9yP3lRMfcRgF+qTmESgUAOLB7wX3/0huiyCTiT\nyy3KGH+/tjrR+yC2HI5g8VQ1AxVkmfHa4H/ro1tc2DnqzI/O6XaJlTkPvcoV1i9f\n1wPN9hg3bRE5VZB0hHvvSPxlWBPa0dMVohSNjr9p1hkzMGsX8YRCzQzVXI4ba5Mg\nCYEHKFK0Qtnl+tP80/5/XEAEIhoolQSNXgd60wejUU1F4gemTWe1UJPljtKIDGjo\nkBTHQkpQ9DIUkV+0QZKDqFPPT/LGQT12mXSA1sMpURAXPrKWzGWBjri0KUzNo3ON\nz4ePUcThcszSKBxv1k+j3z68FHOYHP57T/1g25kTKAx6AhXfetrKeqCTSb/9wLog\n/AvgCIKxodhBLYiM6k43XlCDfXktDcEMtXEVcQSl/DvWTL8Im0Zzis7+seWYZBwl\navzbOpdxYgPmIRm1BNclotmYTSqcd+0klRPL2D3jc7iYGs4DltwVT1ZNdJcpNllv\nri4iZ+jiKboiWkI44YUAAAADAQABAAACAQC5mb1ppYPYcWNuaxHdaEQT/WgyDqby\nCpnHUglI44BzeEXSfLazvW5jmuHv25eid0GJeFy/MAhYyaLZ3pQOkHzD00QQYDxB\nFg5a5DExEJ7fgNPV8RkjFcONyc0WHcOI3bvOMwqRJB4+AERLXBg4l3pUVVHGTCW8\neMMwCU1uFp9lUolaMn++AQcyScqcQi3Uz/zoH/Z7VAqGOmoFdQamb9hZTjVIsFr0\nRZmYwXzov/X3WOSqjYq81IXAtky/YFp0KTbQWlIMWGtHnGC0hruJX+kSqUQoDhhO\nsbKmmuQ6VYHeeGwEb4U0X0TUZKAgSf098RzfR1AuAm7era3WmvwNwtVUaJTMCl7F\n0Lw3rnhYpWFAcVqyeDcl+KXZeObstf83eAS1jkEugo/UF4/nLwPDDmcJc3IC2Hyv\nLm2EEpQlamOW8yjLUDDzrteGcJESJjnld6suvd54WSEsGKiYTGNT1Qm0ic4A2USw\nZxYYVctQU0r8q6DS76Yq/NALWtxZDOetXRqcJuZxmviUT2DTTG7hvfDmo2i4l3lL\njw7dmonwYs2H9cdBxqyO4eOxUB3YbcV7gqaQn8OjXvHmtlkZ+RQBAToVpjLlt7Bf\nXzveZoylK24I7iIDcEMAmwE7CQHed19XTgd5HawoZPSejllIg/g24EBJUVPfBjMv\ncBORVYKeGGUvYQAAAQB96fbXQ5CjpUtCbX4HszkxJOH1NNIMdAc9YO4D9T4T/003\n68Zy0hb4huIaEO2921CtwivqBVLapsSeAfOxdTJmNuzzAlIiXskXfK+huqs039nP\nssO2c0o8DsySo+lGMpyi/qknrNZ1/dUb23cItCy7f79YtVNuvx9Z5UXdfP+62yHu\n1HXK3Qv/5H1nhHea59wPKFTtx1SNhAUo6MwIx9c04da74eqZ1nPyCCUK5W6W0KLu\nf8tKPTO8yIEzV6+537h+9HOpzpvwmpVSU+SfA3H/sZukUrkndy6ktGs74d/Zeu+B\n62Qs+JucCfbB7Pl6y/wgT7UioNSpD2pCHMNcNVcfAAABAQDm3qk4HI3NR62NFPS7\n3Q2INV511bljYII/OjOf4UWSTZbgvVuk6adlWp7uTMMSfOSnZfSo09RqbsTgXL8t\nKnYZDyOVsEmXaNGKUKZ++k2AP7cHupRLjHxT2PhjsDXudYhUbot8z5oEUhR7Zm3i\n6s2G7Bk/cD4k0UITG+R5doEo86Qn4ZMqwZelHp0ooXyh+iJQfNWMvkY3SmZ2PvbI\nES+CeUEuaJgR+pTEHQ49t8pLbdfvPvyXd3jN2kOqOMbGAP3zvkueXb4T+7qPe3jp\npKLanxzt6p8/nlJk0Sm2F4ei0ygu0vtTwbf3QRzUhZu+OuQhAkcwZ4vv6oj3k52b\nEOpJAAABAQD7Y1ms9sxk69Roeeb4wK1irYrwEqN6w0+WmL1CXnE15LqppsRn1MY6\nhfKpkSH39sXHE4InnMNW38q/Re2BoQU4GQPd/2aMoPNHwYC8Lr+l29WQsH+E4M4m\nOFD9SRPiRo8KU2ZXoL+JEPZjTkI5zym5Dka3xb5P+9mt53jehpFTD4Uu/jlULp/Q\nVe8H5F+pgfyR7KgWQctDWhQt2FheHdMpdOnAFaZRetIF9n9bQ8PbZ/H1loyNjekr\njkmvmhe9W3wzSd6VwcPM1UKr1Nr71dOPLfaTrWh0sjlQSUSzxFzVQvFbpMDiTWt4\nEzpoPZnpDriWgRF/L8PdvKRWkknqPZ1dAAAAAAEC\n-----END OPENSSH PRIVATE KEY-----\n",
            "private_key_pem": "-----BEGIN RSA PRIVATE KEY-----\nMIIJKQIBAAKCAgEA4rXo5NmykcqRuisMhvbodFCUj07ttHnhO88CmGSMow1Bn+z1\nTzhf7d/vGm0yJJdjFOS7g5DJNFF+annStK0t+VRpC6ONZbHBgjp8/PM+6VlGSBmv\nUQSWnxgzL+xZhidsrYo3gugbTXJxh2jSJ6Ye6II7LE/HKoBSCKN5p0zGL0ZUMxxM\nhD9yP3lRMfcRgF+qTmESgUAOLB7wX3/0huiyCTiTyy3KGH+/tjrR+yC2HI5g8VQ1\nAxVkmfHa4H/ro1tc2DnqzI/O6XaJlTkPvcoV1i9f1wPN9hg3bRE5VZB0hHvvSPxl\nWBPa0dMVohSNjr9p1hkzMGsX8YRCzQzVXI4ba5MgCYEHKFK0Qtnl+tP80/5/XEAE\nIhoolQSNXgd60wejUU1F4gemTWe1UJPljtKIDGjokBTHQkpQ9DIUkV+0QZKDqFPP\nT/LGQT12mXSA1sMpURAXPrKWzGWBjri0KUzNo3ONz4ePUcThcszSKBxv1k+j3z68\nFHOYHP57T/1g25kTKAx6AhXfetrKeqCTSb/9wLog/AvgCIKxodhBLYiM6k43XlCD\nfXktDcEMtXEVcQSl/DvWTL8Im0Zzis7+seWYZBwlavzbOpdxYgPmIRm1BNclotmY\nTSqcd+0klRPL2D3jc7iYGs4DltwVT1ZNdJcpNllvri4iZ+jiKboiWkI44YUCAwEA\nAQKCAgEAuZm9aaWD2HFjbmsR3WhEE/1oMg6m8gqZx1IJSOOAc3hF0ny2s71uY5rh\n79uXondBiXhcvzAIWMmi2d6UDpB8w9NEEGA8QRYOWuQxMRCe34DT1fEZIxXDjcnN\nFh3DiN27zjMKkSQePgBES1wYOJd6VFVRxkwlvHjDMAlNbhafZVKJWjJ/vgEHMknK\nnEIt1M/86B/2e1QKhjpqBXUGpm/YWU41SLBa9EWZmMF86L/191jkqo2KvNSFwLZM\nv2BadCk20FpSDFhrR5xgtIa7iV/pEqlEKA4YTrGypprkOlWB3nhsBG+FNF9E1GSg\nIEn9PfEc30dQLgJu3q2t1pr8DcLVVGiUzApexdC8N654WKVhQHFasng3Jfil2Xjm\n7LX/N3gEtY5BLoKP1BeP5y8Dww5nCXNyAth8ry5thBKUJWpjlvMoy1Aw867XhnCR\nEiY55XerLr3eeFkhLBiomExjU9UJtInOANlEsGcWGFXLUFNK/Kug0u+mKvzQC1rc\nWQznrV0anCbmcZr4lE9g00xu4b3w5qNouJd5S48O3ZqJ8GLNh/XHQcasjuHjsVAd\n2G3Fe4KmkJ/Do17x5rZZGfkUAQE6FaYy5bewX1873maMpStuCO4iA3BDAJsBOwkB\n3ndfV04HeR2sKGT0no5ZSIP4NuBASVFT3wYzL3ATkVWCnhhlL2ECggEBAObeqTgc\njc1HrY0U9LvdDYg1XnXVuWNggj86M5/hRZJNluC9W6Tpp2Vanu5MwxJ85Kdl9KjT\n1GpuxOBcvy0qdhkPI5WwSZdo0YpQpn76TYA/twe6lEuMfFPY+GOwNe51iFRui3zP\nmgRSFHtmbeLqzYbsGT9wPiTRQhMb5Hl2gSjzpCfhkyrBl6UenSihfKH6IlB81Yy+\nRjdKZnY+9sgRL4J5QS5omBH6lMQdDj23yktt1+8+/Jd3eM3aQ6o4xsYA/fO+S55d\nvhP7uo97eOmkotqfHO3qnz+eUmTRKbYXh6LTKC7S+1PBt/dBHNSFm7465CECRzBn\ni+/qiPeTnZsQ6kkCggEBAPtjWaz2zGTr1Gh55vjArWKtivASo3rDT5aYvUJecTXk\nuqmmxGfUxjqF8qmRIff2xccTgiecw1bfyr9F7YGhBTgZA93/Zoyg80fBgLwuv6Xb\n1ZCwf4TgziY4UP1JE+JGjwpTZlegv4kQ9mNOQjnPKbkORrfFvk/72a3neN6GkVMP\nhS7+OVQun9BV7wfkX6mB/JHsqBZBy0NaFC3YWF4d0yl06cAVplF60gX2f1tDw9tn\n8fWWjI2N6SuOSa+aF71bfDNJ3pXBw8zVQqvU2vvV048t9pOtaHSyOVBJRLPEXNVC\n8VukwOJNa3gTOmg9mekOuJaBEX8vw928pFaSSeo9nV0CggEAbLVNguFXF+D3ZGYI\nsujsdUWD/AIt8BBCZBk4s8C0LKaiM6KWI3nt23inO1gjxnHOjNAiOti7vX348Bhb\n4J2MzFHnlJVUoZm2iOVe8I1VrtzRhy8gos48wJJ6qx4O1wC6t97xiUyLnhs0D8L0\nXRPowO4tGUT1zgpGjY7lrxfQy4Klui2qSUis6hAXOkmH0RFh1Ppi54m0sFY1Ftqh\nAyWsdEg6G+seJ+EQ6aMw0HjZJVlMgxfqgju8Q1nR4LYpSpSu/3WMT76eQPSYLPWb\nwpBGKqEfUxvV7nPTIium81nzAQVid2Ha+95MjH05YQykgBdk0fIrqSwopUiPQ9xb\nKuf1GQKCAQEA3su/d3bH0Y3dE7cuSDpjsHgEEh9CuhONXvgBjGetSEluUdtWaHuA\nL+/1D+lrxJr10CjvCnJ6AW2YAAtWorN1r7Ej50VquqoO0wKhOKbp/XInBfQXIEop\nCmCRDtoMgFdugIVHx9PUzQK2i26ZbSi4XqVTcZ4UvEiGNQVX70guVgIEVJDFeGFW\nDEuM7F6vlch5c07d7dPj9M5J4hPCxa8DLdPLMw08+Su0JcrANr+JPtQR8km6Sd6C\nz7JshfA4p/8DxWTrm6g+AzTiwO2GIvnwZQ4kYd+nGv21o/07oWMfr3aD+Ge89xQM\nckAAXNBzrsT4PZMoUaOgoM2GjJ9cWPjAlQKCAQB96fbXQ5CjpUtCbX4HszkxJOH1\nNNIMdAc9YO4D9T4T/00368Zy0hb4huIaEO2921CtwivqBVLapsSeAfOxdTJmNuzz\nAlIiXskXfK+huqs039nPssO2c0o8DsySo+lGMpyi/qknrNZ1/dUb23cItCy7f79Y\ntVNuvx9Z5UXdfP+62yHu1HXK3Qv/5H1nhHea59wPKFTtx1SNhAUo6MwIx9c04da7\n4eqZ1nPyCCUK5W6W0KLuf8tKPTO8yIEzV6+537h+9HOpzpvwmpVSU+SfA3H/sZuk\nUrkndy6ktGs74d/Zeu+B62Qs+JucCfbB7Pl6y/wgT7UioNSpD2pCHMNcNVcf\n-----END RSA PRIVATE KEY-----\n",
            "private_key_pem_pkcs8": "-----BEGIN PRIVATE KEY-----\nMIIJQwIBADANBgkqhkiG9w0BAQEFAASCCS0wggkpAgEAAoICAQDitejk2bKRypG6\nKwyG9uh0UJSPTu20eeE7zwKYZIyjDUGf7PVPOF/t3+8abTIkl2MU5LuDkMk0UX5q\nedK0rS35VGkLo41lscGCOnz88z7pWUZIGa9RBJafGDMv7FmGJ2ytijeC6BtNcnGH\naNInph7ogjssT8cqgFIIo3mnTMYvRlQzHEyEP3I/eVEx9xGAX6pOYRKBQA4sHvBf\nf/SG6LIJOJPLLcoYf7+2OtH7ILYcjmDxVDUDFWSZ8drgf+ujW1zYOerMj87pdomV\nOQ+9yhXWL1/XA832GDdtETlVkHSEe+9I/GVYE9rR0xWiFI2Ov2nWGTMwaxfxhELN\nDNVcjhtrkyAJgQcoUrRC2eX60/zT/n9cQAQiGiiVBI1eB3rTB6NRTUXiB6ZNZ7VQ\nk+WO0ogMaOiQFMdCSlD0MhSRX7RBkoOoU89P8sZBPXaZdIDWwylREBc+spbMZYGO\nuLQpTM2jc43Ph49RxOFyzNIoHG/WT6PfPrwUc5gc/ntP/WDbmRMoDHoCFd962sp6\noJNJv/3AuiD8C+AIgrGh2EEtiIzqTjdeUIN9eS0NwQy1cRVxBKX8O9ZMvwibRnOK\nzv6x5ZhkHCVq/Ns6l3FiA+YhGbUE1yWi2ZhNKpx37SSVE8vYPeNzuJgazgOW3BVP\nVk10lyk2WW+uLiJn6OIpuiJaQjjhhQIDAQABAoICAQC5mb1ppYPYcWNuaxHdaEQT\n/WgyDqbyCpnHUglI44BzeEXSfLazvW5jmuHv25eid0GJeFy/MAhYyaLZ3pQOkHzD\n00QQYDxBFg5a5DExEJ7fgNPV8RkjFcONyc0WHcOI3bvOMwqRJB4+AERLXBg4l3pU\nVVHGTCW8eMMwCU1uFp9lUolaMn++AQcyScqcQi3Uz/zoH/Z7VAqGOmoFdQamb9hZ\nTjVIsFr0RZmYwXzov/X3WOSqjYq81IXAtky/YFp0KTbQWlIMWGtHnGC0hruJX+kS\nqUQoDhhOsbKmmuQ6VYHeeGwEb4U0X0TUZKAgSf098RzfR1AuAm7era3WmvwNwtVU\naJTMCl7F0Lw3rnhYpWFAcVqyeDcl+KXZeObstf83eAS1jkEugo/UF4/nLwPDDmcJ\nc3IC2HyvLm2EEpQlamOW8yjLUDDzrteGcJESJjnld6suvd54WSEsGKiYTGNT1Qm0\nic4A2USwZxYYVctQU0r8q6DS76Yq/NALWtxZDOetXRqcJuZxmviUT2DTTG7hvfDm\no2i4l3lLjw7dmonwYs2H9cdBxqyO4eOxUB3YbcV7gqaQn8OjXvHmtlkZ+RQBAToV\npjLlt7BfXzveZoylK24I7iIDcEMAmwE7CQHed19XTgd5HawoZPSejllIg/g24EBJ\nUVPfBjMvcBORVYKeGGUvYQKCAQEA5t6pOByNzUetjRT0u90NiDVeddW5Y2CCPzoz\nn+FFkk2W4L1bpOmnZVqe7kzDEnzkp2X0qNPUam7E4Fy/LSp2GQ8jlbBJl2jRilCm\nfvpNgD+3B7qUS4x8U9j4Y7A17nWIVG6LfM+aBFIUe2Zt4urNhuwZP3A+JNFCExvk\neXaBKPOkJ+GTKsGXpR6dKKF8ofoiUHzVjL5GN0pmdj72yBEvgnlBLmiYEfqUxB0O\nPbfKS23X7z78l3d4zdpDqjjGxgD9875Lnl2+E/u6j3t46aSi2p8c7eqfP55SZNEp\ntheHotMoLtL7U8G390Ec1IWbvjrkIQJHMGeL7+qI95OdmxDqSQKCAQEA+2NZrPbM\nZOvUaHnm+MCtYq2K8BKjesNPlpi9Ql5xNeS6qabEZ9TGOoXyqZEh9/bFxxOCJ5zD\nVt/Kv0XtgaEFOBkD3f9mjKDzR8GAvC6/pdvVkLB/hODOJjhQ/UkT4kaPClNmV6C/\niRD2Y05COc8puQ5Gt8W+T/vZred43oaRUw+FLv45VC6f0FXvB+RfqYH8keyoFkHL\nQ1oULdhYXh3TKXTpwBWmUXrSBfZ/W0PD22fx9ZaMjY3pK45Jr5oXvVt8M0nelcHD\nzNVCq9Ta+9XTjy32k61odLI5UElEs8Rc1ULxW6TA4k1reBM6aD2Z6Q64loERfy/D\n3bykVpJJ6j2dXQKCAQBstU2C4VcX4PdkZgiy6Ox1RYP8Ai3wEEJkGTizwLQspqIz\nopYjee3beKc7WCPGcc6M0CI62Lu9ffjwGFvgnYzMUeeUlVShmbaI5V7wjVWu3NGH\nLyCizjzAknqrHg7XALq33vGJTIueGzQPwvRdE+jA7i0ZRPXOCkaNjuWvF9DLgqW6\nLapJSKzqEBc6SYfREWHU+mLnibSwVjUW2qEDJax0SDob6x4n4RDpozDQeNklWUyD\nF+qCO7xDWdHgtilKlK7/dYxPvp5A9Jgs9ZvCkEYqoR9TG9Xuc9MiK6bzWfMBBWJ3\nYdr73kyMfTlhDKSAF2TR8iupLCilSI9D3Fsq5/UZAoIBAQDey793dsfRjd0Tty5I\nOmOweAQSH0K6E41e+AGMZ61ISW5R21Zoe4Av7/UP6WvEmvXQKO8KcnoBbZgAC1ai\ns3WvsSPnRWq6qg7TAqE4pun9cicF9BcgSikKYJEO2gyAV26AhUfH09TNAraLbplt\nKLhepVNxnhS8SIY1BVfvSC5WAgRUkMV4YVYMS4zsXq+VyHlzTt3t0+P0zkniE8LF\nrwMt08szDTz5K7QlysA2v4k+1BHySbpJ3oLPsmyF8Din/wPFZOubqD4DNOLA7YYi\n+fBlDiRh36ca/bWj/TuhYx+vdoP4Z7z3FAxyQABc0HOuxPg9kyhRo6CgzYaMn1xY\n+MCVAoIBAH3p9tdDkKOlS0JtfgezOTEk4fU00gx0Bz1g7gP1PhP/TTfrxnLSFviG\n4hoQ7b3bUK3CK+oFUtqmxJ4B87F1MmY27PMCUiJeyRd8r6G6qzTf2c+yw7ZzSjwO\nzJKj6UYynKL+qSes1nX91Rvbdwi0LLt/v1i1U26/H1nlRd18/7rbIe7UdcrdC//k\nfWeEd5rn3A8oVO3HVI2EBSjozAjH1zTh1rvh6pnWc/IIJQrlbpbQou5/y0o9M7zI\ngTNXr7nfuH70c6nOm/CalVJT5J8Dcf+xm6RSuSd3LqS0azvh39l674HrZCz4m5wJ\n9sHs+XrL/CBPtSKg1KkPakIcw1w1Vx8=\n-----END PRIVATE KEY-----\n",
            "public_key_fingerprint_md5": "15:db:73:41:32:22:04:56:43:c4:dc:2e:3e:4f:01:08",
            "public_key_fingerprint_sha256": "SHA256:Tq6A0JrDGS9uSGgDUtNEF8z9wOVVbaMCUyeGQSZO7oc",
            "public_key_openssh": "ssh-rsa AAAAB3NzaC1yc2EAAAADAQABAAACAQDitejk2bKRypG6KwyG9uh0UJSPTu20eeE7zwKYZIyjDUGf7PVPOF/t3+8abTIkl2MU5LuDkMk0UX5qedK0rS35VGkLo41lscGCOnz88z7pWUZIGa9RBJafGDMv7FmGJ2ytijeC6BtNcnGHaNInph7ogjssT8cqgFIIo3mnTMYvRlQzHEyEP3I/eVEx9xGAX6pOYRKBQA4sHvBff/SG6LIJOJPLLcoYf7+2OtH7ILYcjmDxVDUDFWSZ8drgf+ujW1zYOerMj87pdomVOQ+9yhXWL1/XA832GDdtETlVkHSEe+9I/GVYE9rR0xWiFI2Ov2nWGTMwaxfxhELNDNVcjhtrkyAJgQcoUrRC2eX60/zT/n9cQAQiGiiVBI1eB3rTB6NRTUXiB6ZNZ7VQk+WO0ogMaOiQFMdCSlD0MhSRX7RBkoOoU89P8sZBPXaZdIDWwylREBc+spbMZYGOuLQpTM2jc43Ph49RxOFyzNIoHG/WT6PfPrwUc5gc/ntP/WDbmRMoDHoCFd962sp6oJNJv/3AuiD8C+AIgrGh2EEtiIzqTjdeUIN9eS0NwQy1cRVxBKX8O9ZMvwibRnOKzv6x5ZhkHCVq/Ns6l3FiA+YhGbUE1yWi2ZhNKpx37SSVE8vYPeNzuJgazgOW3BVPVk10lyk2WW+uLiJn6OIpuiJaQjjhhQ==\n",
            "public_key_pem": "-----BEGIN PUBLIC KEY-----\nMIICIjANBgkqhkiG9w0BAQEFAAOCAg8AMIICCgKCAgEA4rXo5NmykcqRuisMhvbo\ndFCUj07ttHnhO88CmGSMow1Bn+z1Tzhf7d/vGm0yJJdjFOS7g5DJNFF+annStK0t\n+VRpC6ONZbHBgjp8/PM+6VlGSBmvUQSWnxgzL+xZhidsrYo3gugbTXJxh2jSJ6Ye\n6II7LE/HKoBSCKN5p0zGL0ZUMxxMhD9yP3lRMfcRgF+qTmESgUAOLB7wX3/0huiy\nCTiTyy3KGH+/tjrR+yC2HI5g8VQ1AxVkmfHa4H/ro1tc2DnqzI/O6XaJlTkPvcoV\n1i9f1wPN9hg3bRE5VZB0hHvvSPxlWBPa0dMVohSNjr9p1hkzMGsX8YRCzQzVXI4b\na5MgCYEHKFK0Qtnl+tP80/5/XEAEIhoolQSNXgd60wejUU1F4gemTWe1UJPljtKI\nDGjokBTHQkpQ9DIUkV+0QZKDqFPPT/LGQT12mXSA1sMpURAXPrKWzGWBjri0KUzN\no3ONz4ePUcThcszSKBxv1k+j3z68FHOYHP57T/1g25kTKAx6AhXfetrKeqCTSb/9\nwLog/AvgCIKxodhBLYiM6k43XlCDfXktDcEMtXEVcQSl/DvWTL8Im0Zzis7+seWY\nZBwlavzbOpdxYgPmIRm1BNclotmYTSqcd+0klRPL2D3jc7iYGs4DltwVT1ZNdJcp\nNllvri4iZ+jiKboiWkI44YUCAwEAAQ==\n-----END PUBLIC KEY-----\n",
            "rsa_bits": 4096
          },
          "sensitive_attributes": []
        }
      ]
    }
  ],
  "check_results": null
}
